
Microsoft Visual Studio Solution File, Format Version 12.00
# Visual Studio Version 17
VisualStudioVersion = 17.8.34525.116
MinimumVisualStudioVersion = 10.0.40219.1
Project("{FAE04EC0-301F-11D3-BF4B-00C04F79EFBC}") = "EvaluationProduit.MVC", "EvaluationProduit.MVC\EvaluationProduit.MVC.csproj", "{F9450E00-DCC7-4651-B45F-217E44A279BA}"
EndProject
Global
	GlobalSection(SolutionConfigurationPlatforms) = preSolution
		Debug|Any CPU = Debug|Any CPU
		Release|Any CPU = Release|Any CPU
	EndGlobalSection
	GlobalSection(ProjectConfigurationPlatforms) = postSolution
		{F9450E00-DCC7-4651-B45F-217E44A279BA}.Debug|Any CPU.ActiveCfg = Debug|Any CPU
		{F9450E00-DCC7-4651-B45F-217E44A279BA}.Debug|Any CPU.Build.0 = Debug|Any CPU
		{F9450E00-DCC7-4651-B45F-217E44A279BA}.Release|Any CPU.ActiveCfg = Release|Any CPU
		{F9450E00-DCC7-4651-B45F-217E44A279BA}.Release|Any CPU.Build.0 = Release|Any CPU
	EndGlobalSection
	GlobalSection(SolutionProperties) = preSolution
		HideSolutionNode = FALSE
	EndGlobalSection
	GlobalSection(ExtensibilityGlobals) = postSolution
		SolutionGuid = {059893D6-CD32-4099-9CE0-137C110985EA}
	EndGlobalSection
EndGlobal
