Microsoft Visual Studio Solution File, Format Version 12.00
# Visual Studio Version 17
VisualStudioVersion = 17.9.34526.213
MinimumVisualStudioVersion = 10.0.40219.1
Project("{FAE04EC0-301F-11D3-BF4B-00C04F79EFBC}") = "AspireAppDemo.AppHost", "AspireAppDemo.AppHost\AspireAppDemo.AppHost.csproj", "{0ED4B631-FA5B-4767-8D1C-D4A9D83F045F}"
EndProject
Project("{9A19103F-16F7-4668-BE54-9A1E7A4F7556}") = "AspireAppDemo.ServiceDefaults", "AspireAppDemo.ServiceDefaults\AspireAppDemo.ServiceDefaults.csproj", "{46AB9E01-16F3-40D3-82FB-13F5D48F1E7E}"
EndProject
Project("{9A19103F-16F7-4668-BE54-9A1E7A4F7556}") = "AspireAppDemo.ApiService", "AspireAppDemo.ApiService\AspireAppDemo.ApiService.csproj", "{D1E4785B-D2FB-4256-878F-6E44E1F1FFB1}"
EndProject
Project("{9A19103F-16F7-4668-BE54-9A1E7A4F7556}") = "AspireAppDemo.Web", "AspireAppDemo.Web\AspireAppDemo.Web.csproj", "{07225F41-22AC-4F78-B5C5-FB3D654B676E}"
EndProject
Global
	GlobalSection(SolutionConfigurationPlatforms) = preSolution
		Debug|Any CPU = Debug|Any CPU
		Release|Any CPU = Release|Any CPU
	EndGlobalSection
	GlobalSection(ProjectConfigurationPlatforms) = postSolution
		{0ED4B631-FA5B-4767-8D1C-D4A9D83F045F}.Debug|Any CPU.ActiveCfg = Debug|Any CPU
		{0ED4B631-FA5B-4767-8D1C-D4A9D83F045F}.Debug|Any CPU.Build.0 = Debug|Any CPU
		{0ED4B631-FA5B-4767-8D1C-D4A9D83F045F}.Release|Any CPU.ActiveCfg = Release|Any CPU
		{0ED4B631-FA5B-4767-8D1C-D4A9D83F045F}.Release|Any CPU.Build.0 = Release|Any CPU
		{46AB9E01-16F3-40D3-82FB-13F5D48F1E7E}.Debug|Any CPU.ActiveCfg = Debug|Any CPU
		{46AB9E01-16F3-40D3-82FB-13F5D48F1E7E}.Debug|Any CPU.Build.0 = Debug|Any CPU
		{46AB9E01-16F3-40D3-82FB-13F5D48F1E7E}.Release|Any CPU.ActiveCfg = Release|Any CPU
		{46AB9E01-16F3-40D3-82FB-13F5D48F1E7E}.Release|Any CPU.Build.0 = Release|Any CPU
		{D1E4785B-D2FB-4256-878F-6E44E1F1FFB1}.Debug|Any CPU.ActiveCfg = Debug|Any CPU
		{D1E4785B-D2FB-4256-878F-6E44E1F1FFB1}.Debug|Any CPU.Build.0 = Debug|Any CPU
		{D1E4785B-D2FB-4256-878F-6E44E1F1FFB1}.Release|Any CPU.ActiveCfg = Release|Any CPU
		{D1E4785B-D2FB-4256-878F-6E44E1F1FFB1}.Release|Any CPU.Build.0 = Release|Any CPU
		{07225F41-22AC-4F78-B5C5-FB3D654B676E}.Debug|Any CPU.ActiveCfg = Debug|Any CPU
		{07225F41-22AC-4F78-B5C5-FB3D654B676E}.Debug|Any CPU.Build.0 = Debug|Any CPU
		{07225F41-22AC-4F78-B5C5-FB3D654B676E}.Release|Any CPU.ActiveCfg = Release|Any CPU
		{07225F41-22AC-4F78-B5C5-FB3D654B676E}.Release|Any CPU.Build.0 = Release|Any CPU
	EndGlobalSection
	GlobalSection(SolutionProperties) = preSolution
		HideSolutionNode = FALSE
	EndGlobalSection
	GlobalSection(ExtensibilityGlobals) = postSolution
		SolutionGuid = {A2DE3031-FD04-4C19-8959-2DE498C65C00}
	EndGlobalSection
EndGlobal
